
Microsoft Visual Studio Solution File, Format Version 12.00
# Visual Studio Version 17
VisualStudioVersion = 17.8.34330.188
MinimumVisualStudioVersion = 10.0.40219.1
Project("{FAE04EC0-301F-11D3-BF4B-00C04F79EFBC}") = "InventoryManagementSystem", "InventoryManagementSystem.csproj", "{9FA36446-DB86-494F-A40A-E027FFEC5E0E}"
EndProject
Global
	GlobalSection(SolutionConfigurationPlatforms) = preSolution
		Debug|Any CPU = Debug|Any CPU
		Release|Any CPU = Release|Any CPU
	EndGlobalSection
	GlobalSection(ProjectConfigurationPlatforms) = postSolution
		{9FA36446-DB86-494F-A40A-E027FFEC5E0E}.Debug|Any CPU.ActiveCfg = Debug|Any CPU
		{9FA36446-DB86-494F-A40A-E027FFEC5E0E}.Debug|Any CPU.Build.0 = Debug|Any CPU
		{9FA36446-DB86-494F-A40A-E027FFEC5E0E}.Release|Any CPU.ActiveCfg = Release|Any CPU
		{9FA36446-DB86-494F-A40A-E027FFEC5E0E}.Release|Any CPU.Build.0 = Release|Any CPU
	EndGlobalSection
	GlobalSection(SolutionProperties) = preSolution
		HideSolutionNode = FALSE
	EndGlobalSection
	GlobalSection(ExtensibilityGlobals) = postSolution
		SolutionGuid = {1E446429-1F37-4CA2-95E4-CE6D2215BDE2}
	EndGlobalSection
EndGlobal
